// !$*UTF8*$!
{
	archiveVersion = 1;
	classes = {
	};
	objectVersion = 46;
	objects = {

/* Begin PBXBuildFile section */
		9F78C43516DD576E00605174 /* UIKit.framework in Frameworks */ = {isa = PBXBuildFile; fileRef = 9F78C43416DD576E00605174 /* UIKit.framework */; };
		9F78C43716DD576E00605174 /* Foundation.framework in Frameworks */ = {isa = PBXBuildFile; fileRef = 9F78C43616DD576E00605174 /* Foundation.framework */; };
		9F78C43916DD576E00605174 /* CoreGraphics.framework in Frameworks */ = {isa = PBXBuildFile; fileRef = 9F78C43816DD576E00605174 /* CoreGraphics.framework */; };
		9F78C43F16DD576E00605174 /* InfoPlist.strings in Resources */ = {isa = PBXBuildFile; fileRef = 9F78C43D16DD576E00605174 /* InfoPlist.strings */; };
		9F78C44116DD576E00605174 /* main.m in Sources */ = {isa = PBXBuildFile; fileRef = 9F78C44016DD576E00605174 /* main.m */; };
		9F78C44516DD576E00605174 /* AKAppDelegate.m in Sources */ = {isa = PBXBuildFile; fileRef = 9F78C44416DD576E00605174 /* AKAppDelegate.m */; };
		9F78C44716DD576E00605174 /* Default.png in Resources */ = {isa = PBXBuildFile; fileRef = 9F78C44616DD576E00605174 /* Default.png */; };
		9F78C44916DD576E00605174 /* Default@2x.png in Resources */ = {isa = PBXBuildFile; fileRef = 9F78C44816DD576E00605174 /* Default@2x.png */; };
		9F78C44B16DD576E00605174 /* Default-568h@2x.png in Resources */ = {isa = PBXBuildFile; fileRef = 9F78C44A16DD576E00605174 /* Default-568h@2x.png */; };
		9F78C44E16DD576E00605174 /* AKViewController.m in Sources */ = {isa = PBXBuildFile; fileRef = 9F78C44D16DD576E00605174 /* AKViewController.m */; };
		9F78C45116DD576E00605174 /* AKViewController.xib in Resources */ = {isa = PBXBuildFile; fileRef = 9F78C44F16DD576E00605174 /* AKViewController.xib */; };
		9F78C45916DD576E00605174 /* SenTestingKit.framework in Frameworks */ = {isa = PBXBuildFile; fileRef = 9F78C45816DD576E00605174 /* SenTestingKit.framework */; };
		9F78C45A16DD576E00605174 /* UIKit.framework in Frameworks */ = {isa = PBXBuildFile; fileRef = 9F78C43416DD576E00605174 /* UIKit.framework */; };
		9F78C45B16DD576E00605174 /* Foundation.framework in Frameworks */ = {isa = PBXBuildFile; fileRef = 9F78C43616DD576E00605174 /* Foundation.framework */; };
		9F78C46316DD576E00605174 /* InfoPlist.strings in Resources */ = {isa = PBXBuildFile; fileRef = 9F78C46116DD576E00605174 /* InfoPlist.strings */; };
		9F78C46616DD576E00605174 /* AuthKitTests.m in Sources */ = {isa = PBXBuildFile; fileRef = 9F78C46516DD576E00605174 /* AuthKitTests.m */; };
/* End PBXBuildFile section */

/* Begin PBXContainerItemProxy section */
		9F78C45C16DD576E00605174 /* PBXContainerItemProxy */ = {
			isa = PBXContainerItemProxy;
			containerPortal = 9F78C42916DD576E00605174 /* Project object */;
			proxyType = 1;
			remoteGlobalIDString = 9F78C43016DD576E00605174;
			remoteInfo = AuthKit;
		};
/* End PBXContainerItemProxy section */

/* Begin PBXFileReference section */
		9F78C43116DD576E00605174 /* AuthKit.app */ = {isa = PBXFileReference; explicitFileType = wrapper.application; includeInIndex = 0; path = AuthKit.app; sourceTree = BUILT_PRODUCTS_DIR; };
		9F78C43416DD576E00605174 /* UIKit.framework */ = {isa = PBXFileReference; lastKnownFileType = wrapper.framework; name = UIKit.framework; path = System/Library/Frameworks/UIKit.framework; sourceTree = SDKROOT; };
		9F78C43616DD576E00605174 /* Foundation.framework */ = {isa = PBXFileReference; lastKnownFileType = wrapper.framework; name = Foundation.framework; path = System/Library/Frameworks/Foundation.framework; sourceTree = SDKROOT; };
		9F78C43816DD576E00605174 /* CoreGraphics.framework */ = {isa = PBXFileReference; lastKnownFileType = wrapper.framework; name = CoreGraphics.framework; path = System/Library/Frameworks/CoreGraphics.framework; sourceTree = SDKROOT; };
		9F78C43C16DD576E00605174 /* AuthKit-Info.plist */ = {isa = PBXFileReference; lastKnownFileType = text.plist.xml; path = "AuthKit-Info.plist"; sourceTree = "<group>"; };
		9F78C43E16DD576E00605174 /* en */ = {isa = PBXFileReference; lastKnownFileType = text.plist.strings; name = en; path = en.lproj/InfoPlist.strings; sourceTree = "<group>"; };
		9F78C44016DD576E00605174 /* main.m */ = {isa = PBXFileReference; lastKnownFileType = sourcecode.c.objc; path = main.m; sourceTree = "<group>"; };
		9F78C44216DD576E00605174 /* AuthKit-Prefix.pch */ = {isa = PBXFileReference; lastKnownFileType = sourcecode.c.h; path = "AuthKit-Prefix.pch"; sourceTree = "<group>"; };
		9F78C44316DD576E00605174 /* AKAppDelegate.h */ = {isa = PBXFileReference; lastKnownFileType = sourcecode.c.h; path = AKAppDelegate.h; sourceTree = "<group>"; };
		9F78C44416DD576E00605174 /* AKAppDelegate.m */ = {isa = PBXFileReference; lastKnownFileType = sourcecode.c.objc; path = AKAppDelegate.m; sourceTree = "<group>"; };
		9F78C44616DD576E00605174 /* Default.png */ = {isa = PBXFileReference; lastKnownFileType = image.png; path = Default.png; sourceTree = "<group>"; };
		9F78C44816DD576E00605174 /* Default@2x.png */ = {isa = PBXFileReference; lastKnownFileType = image.png; path = "Default@2x.png"; sourceTree = "<group>"; };
		9F78C44A16DD576E00605174 /* Default-568h@2x.png */ = {isa = PBXFileReference; lastKnownFileType = image.png; path = "Default-568h@2x.png"; sourceTree = "<group>"; };
		9F78C44C16DD576E00605174 /* AKViewController.h */ = {isa = PBXFileReference; lastKnownFileType = sourcecode.c.h; path = AKViewController.h; sourceTree = "<group>"; };
		9F78C44D16DD576E00605174 /* AKViewController.m */ = {isa = PBXFileReference; lastKnownFileType = sourcecode.c.objc; path = AKViewController.m; sourceTree = "<group>"; };
		9F78C45016DD576E00605174 /* en */ = {isa = PBXFileReference; lastKnownFileType = file.xib; name = en; path = en.lproj/AKViewController.xib; sourceTree = "<group>"; };
		9F78C45716DD576E00605174 /* AuthKitTests.octest */ = {isa = PBXFileReference; explicitFileType = wrapper.cfbundle; includeInIndex = 0; path = AuthKitTests.octest; sourceTree = BUILT_PRODUCTS_DIR; };
		9F78C45816DD576E00605174 /* SenTestingKit.framework */ = {isa = PBXFileReference; lastKnownFileType = wrapper.framework; name = SenTestingKit.framework; path = Library/Frameworks/SenTestingKit.framework; sourceTree = DEVELOPER_DIR; };
		9F78C46016DD576E00605174 /* AuthKitTests-Info.plist */ = {isa = PBXFileReference; lastKnownFileType = text.plist.xml; path = "AuthKitTests-Info.plist"; sourceTree = "<group>"; };
		9F78C46216DD576E00605174 /* en */ = {isa = PBXFileReference; lastKnownFileType = text.plist.strings; name = en; path = en.lproj/InfoPlist.strings; sourceTree = "<group>"; };
		9F78C46416DD576E00605174 /* AuthKitTests.h */ = {isa = PBXFileReference; lastKnownFileType = sourcecode.c.h; path = AuthKitTests.h; sourceTree = "<group>"; };
		9F78C46516DD576E00605174 /* AuthKitTests.m */ = {isa = PBXFileReference; lastKnownFileType = sourcecode.c.objc; path = AuthKitTests.m; sourceTree = "<group>"; };
/* End PBXFileReference section */

/* Begin PBXFrameworksBuildPhase section */
		9F78C42E16DD576E00605174 /* Frameworks */ = {
			isa = PBXFrameworksBuildPhase;
			buildActionMask = 2147483647;
			files = (
				9F78C43516DD576E00605174 /* UIKit.framework in Frameworks */,
				9F78C43716DD576E00605174 /* Foundation.framework in Frameworks */,
				9F78C43916DD576E00605174 /* CoreGraphics.framework in Frameworks */,
			);
			runOnlyForDeploymentPostprocessing = 0;
		};
		9F78C45316DD576E00605174 /* Frameworks */ = {
			isa = PBXFrameworksBuildPhase;
			buildActionMask = 2147483647;
			files = (
				9F78C45916DD576E00605174 /* SenTestingKit.framework in Frameworks */,
				9F78C45A16DD576E00605174 /* UIKit.framework in Frameworks */,
				9F78C45B16DD576E00605174 /* Foundation.framework in Frameworks */,
			);
			runOnlyForDeploymentPostprocessing = 0;
		};
/* End PBXFrameworksBuildPhase section */

/* Begin PBXGroup section */
		9F78C42816DD576E00605174 = {
			isa = PBXGroup;
			children = (
				9F78C43A16DD576E00605174 /* AuthKit */,
				9F78C45E16DD576E00605174 /* AuthKitTests */,
				9F78C43316DD576E00605174 /* Frameworks */,
				9F78C43216DD576E00605174 /* Products */,
			);
			sourceTree = "<group>";
		};
		9F78C43216DD576E00605174 /* Products */ = {
			isa = PBXGroup;
			children = (
				9F78C43116DD576E00605174 /* AuthKit.app */,
				9F78C45716DD576E00605174 /* AuthKitTests.octest */,
			);
			name = Products;
			sourceTree = "<group>";
		};
		9F78C43316DD576E00605174 /* Frameworks */ = {
			isa = PBXGroup;
			children = (
				9F78C43416DD576E00605174 /* UIKit.framework */,
				9F78C43616DD576E00605174 /* Foundation.framework */,
				9F78C43816DD576E00605174 /* CoreGraphics.framework */,
				9F78C45816DD576E00605174 /* SenTestingKit.framework */,
			);
			name = Frameworks;
			sourceTree = "<group>";
		};
		9F78C43A16DD576E00605174 /* AuthKit */ = {
			isa = PBXGroup;
			children = (
				9F78C44316DD576E00605174 /* AKAppDelegate.h */,
				9F78C44416DD576E00605174 /* AKAppDelegate.m */,
				9F78C44C16DD576E00605174 /* AKViewController.h */,
				9F78C44D16DD576E00605174 /* AKViewController.m */,
				9F78C44F16DD576E00605174 /* AKViewController.xib */,
				9F78C43B16DD576E00605174 /* Supporting Files */,
			);
			path = AuthKit;
			sourceTree = "<group>";
		};
		9F78C43B16DD576E00605174 /* Supporting Files */ = {
			isa = PBXGroup;
			children = (
				9F78C43C16DD576E00605174 /* AuthKit-Info.plist */,
				9F78C43D16DD576E00605174 /* InfoPlist.strings */,
				9F78C44016DD576E00605174 /* main.m */,
				9F78C44216DD576E00605174 /* AuthKit-Prefix.pch */,
				9F78C44616DD576E00605174 /* Default.png */,
				9F78C44816DD576E00605174 /* Default@2x.png */,
				9F78C44A16DD576E00605174 /* Default-568h@2x.png */,
			);
			name = "Supporting Files";
			sourceTree = "<group>";
		};
		9F78C45E16DD576E00605174 /* AuthKitTests */ = {
			isa = PBXGroup;
			children = (
				9F78C46416DD576E00605174 /* AuthKitTests.h */,
				9F78C46516DD576E00605174 /* AuthKitTests.m */,
				9F78C45F16DD576E00605174 /* Supporting Files */,
			);
			path = AuthKitTests;
			sourceTree = "<group>";
		};
		9F78C45F16DD576E00605174 /* Supporting Files */ = {
			isa = PBXGroup;
			children = (
				9F78C46016DD576E00605174 /* AuthKitTests-Info.plist */,
				9F78C46116DD576E00605174 /* InfoPlist.strings */,
			);
			name = "Supporting Files";
			sourceTree = "<group>";
		};
/* End PBXGroup section */

/* Begin PBXNativeTarget section */
		9F78C43016DD576E00605174 /* AuthKit */ = {
			isa = PBXNativeTarget;
			buildConfigurationList = 9F78C46916DD576E00605174 /* Build configuration list for PBXNativeTarget "AuthKit" */;
			buildPhases = (
				9F78C42D16DD576E00605174 /* Sources */,
				9F78C42E16DD576E00605174 /* Frameworks */,
				9F78C42F16DD576E00605174 /* Resources */,
			);
			buildRules = (
			);
			dependencies = (
			);
			name = AuthKit;
			productName = AuthKit;
			productReference = 9F78C43116DD576E00605174 /* AuthKit.app */;
			productType = "com.apple.product-type.application";
		};
		9F78C45616DD576E00605174 /* AuthKitTests */ = {
			isa = PBXNativeTarget;
			buildConfigurationList = 9F78C46C16DD576E00605174 /* Build configuration list for PBXNativeTarget "AuthKitTests" */;
			buildPhases = (
				9F78C45216DD576E00605174 /* Sources */,
				9F78C45316DD576E00605174 /* Frameworks */,
				9F78C45416DD576E00605174 /* Resources */,
				9F78C45516DD576E00605174 /* ShellScript */,
			);
			buildRules = (
			);
			dependencies = (
				9F78C45D16DD576E00605174 /* PBXTargetDependency */,
			);
			name = AuthKitTests;
			productName = AuthKitTests;
			productReference = 9F78C45716DD576E00605174 /* AuthKitTests.octest */;
			productType = "com.apple.product-type.bundle";
		};
/* End PBXNativeTarget section */

/* Begin PBXProject section */
		9F78C42916DD576E00605174 /* Project object */ = {
			isa = PBXProject;
			attributes = {
				CLASSPREFIX = AK;
				LastUpgradeCheck = 0460;
				ORGANIZATIONNAME = "Mutual Mobile";
			};
			buildConfigurationList = 9F78C42C16DD576E00605174 /* Build configuration list for PBXProject "AuthKit" */;
			compatibilityVersion = "Xcode 3.2";
			developmentRegion = English;
			hasScannedForEncodings = 0;
			knownRegions = (
				en,
			);
			mainGroup = 9F78C42816DD576E00605174;
			productRefGroup = 9F78C43216DD576E00605174 /* Products */;
			projectDirPath = "";
			projectRoot = "";
			targets = (
				9F78C43016DD576E00605174 /* AuthKit */,
				9F78C45616DD576E00605174 /* AuthKitTests */,
			);
		};
/* End PBXProject section */

/* Begin PBXResourcesBuildPhase section */
		9F78C42F16DD576E00605174 /* Resources */ = {
			isa = PBXResourcesBuildPhase;
			buildActionMask = 2147483647;
			files = (
				9F78C43F16DD576E00605174 /* InfoPlist.strings in Resources */,
				9F78C44716DD576E00605174 /* Default.png in Resources */,
				9F78C44916DD576E00605174 /* Default@2x.png in Resources */,
				9F78C44B16DD576E00605174 /* Default-568h@2x.png in Resources */,
				9F78C45116DD576E00605174 /* AKViewController.xib in Resources */,
			);
			runOnlyForDeploymentPostprocessing = 0;
		};
		9F78C45416DD576E00605174 /* Resources */ = {
			isa = PBXResourcesBuildPhase;
			buildActionMask = 2147483647;
			files = (
				9F78C46316DD576E00605174 /* InfoPlist.strings in Resources */,
			);
			runOnlyForDeploymentPostprocessing = 0;
		};
/* End PBXResourcesBuildPhase section */

/* Begin PBXShellScriptBuildPhase section */
		9F78C45516DD576E00605174 /* ShellScript */ = {
			isa = PBXShellScriptBuildPhase;
			buildActionMask = 2147483647;
			files = (
			);
			inputPaths = (
			);
			outputPaths = (
			);
			runOnlyForDeploymentPostprocessing = 0;
			shellPath = /bin/sh;
			shellScript = "# Run the unit tests in this test bundle.\n\"${SYSTEM_DEVELOPER_DIR}/Tools/RunUnitTests\"\n";
		};
/* End PBXShellScriptBuildPhase section */

/* Begin PBXSourcesBuildPhase section */
		9F78C42D16DD576E00605174 /* Sources */ = {
			isa = PBXSourcesBuildPhase;
			buildActionMask = 2147483647;
			files = (
				9F78C44116DD576E00605174 /* main.m in Sources */,
				9F78C44516DD576E00605174 /* AKAppDelegate.m in Sources */,
				9F78C44E16DD576E00605174 /* AKViewController.m in Sources */,
			);
			runOnlyForDeploymentPostprocessing = 0;
		};
		9F78C45216DD576E00605174 /* Sources */ = {
			isa = PBXSourcesBuildPhase;
			buildActionMask = 2147483647;
			files = (
				9F78C46616DD576E00605174 /* AuthKitTests.m in Sources */,
			);
			runOnlyForDeploymentPostprocessing = 0;
		};
/* End PBXSourcesBuildPhase section */

/* Begin PBXTargetDependency section */
		9F78C45D16DD576E00605174 /* PBXTargetDependency */ = {
			isa = PBXTargetDependency;
			target = 9F78C43016DD576E00605174 /* AuthKit */;
			targetProxy = 9F78C45C16DD576E00605174 /* PBXContainerItemProxy */;
		};
/* End PBXTargetDependency section */

/* Begin PBXVariantGroup section */
		9F78C43D16DD576E00605174 /* InfoPlist.strings */ = {
			isa = PBXVariantGroup;
			children = (
				9F78C43E16DD576E00605174 /* en */,
			);
			name = InfoPlist.strings;
			sourceTree = "<group>";
		};
		9F78C44F16DD576E00605174 /* AKViewController.xib */ = {
			isa = PBXVariantGroup;
			children = (
				9F78C45016DD576E00605174 /* en */,
			);
			name = AKViewController.xib;
			sourceTree = "<group>";
		};
		9F78C46116DD576E00605174 /* InfoPlist.strings */ = {
			isa = PBXVariantGroup;
			children = (
				9F78C46216DD576E00605174 /* en */,
			);
			name = InfoPlist.strings;
			sourceTree = "<group>";
		};
/* End PBXVariantGroup section */

/* Begin XCBuildConfiguration section */
		9F78C46716DD576E00605174 /* Debug */ = {
			isa = XCBuildConfiguration;
			buildSettings = {
				ALWAYS_SEARCH_USER_PATHS = NO;
				CLANG_CXX_LANGUAGE_STANDARD = "gnu++0x";
				CLANG_CXX_LIBRARY = "libc++";
				CLANG_ENABLE_OBJC_ARC = YES;
				CLANG_WARN_CONSTANT_CONVERSION = YES;
				CLANG_WARN_EMPTY_BODY = YES;
				CLANG_WARN_ENUM_CONVERSION = YES;
				CLANG_WARN_INT_CONVERSION = YES;
				CLANG_WARN__DUPLICATE_METHOD_MATCH = YES;
				"CODE_SIGN_IDENTITY[sdk=iphoneos*]" = "iPhone Developer";
				COPY_PHASE_STRIP = NO;
				GCC_C_LANGUAGE_STANDARD = gnu99;
				GCC_DYNAMIC_NO_PIC = NO;
				GCC_OPTIMIZATION_LEVEL = 0;
				GCC_PREPROCESSOR_DEFINITIONS = (
					"DEBUG=1",
					"$(inherited)",
				);
				GCC_SYMBOLS_PRIVATE_EXTERN = NO;
				GCC_WARN_ABOUT_RETURN_TYPE = YES;
				GCC_WARN_UNINITIALIZED_AUTOS = YES;
				GCC_WARN_UNUSED_VARIABLE = YES;
				IPHONEOS_DEPLOYMENT_TARGET = 6.1;
				ONLY_ACTIVE_ARCH = YES;
				SDKROOT = iphoneos;
			};
			name = Debug;
		};
		9F78C46816DD576E00605174 /* Release */ = {
			isa = XCBuildConfiguration;
			buildSettings = {
				ALWAYS_SEARCH_USER_PATHS = NO;
				CLANG_CXX_LANGUAGE_STANDARD = "gnu++0x";
				CLANG_CXX_LIBRARY = "libc++";
				CLANG_ENABLE_OBJC_ARC = YES;
				CLANG_WARN_CONSTANT_CONVERSION = YES;
				CLANG_WARN_EMPTY_BODY = YES;
				CLANG_WARN_ENUM_CONVERSION = YES;
				CLANG_WARN_INT_CONVERSION = YES;
				CLANG_WARN__DUPLICATE_METHOD_MATCH = YES;
				"CODE_SIGN_IDENTITY[sdk=iphoneos*]" = "iPhone Developer";
				COPY_PHASE_STRIP = YES;
				GCC_C_LANGUAGE_STANDARD = gnu99;
				GCC_WARN_ABOUT_RETURN_TYPE = YES;
				GCC_WARN_UNINITIALIZED_AUTOS = YES;
				GCC_WARN_UNUSED_VARIABLE = YES;
				IPHONEOS_DEPLOYMENT_TARGET = 6.1;
				OTHER_CFLAGS = "-DNS_BLOCK_ASSERTIONS=1";
				SDKROOT = iphoneos;
				VALIDATE_PRODUCT = YES;
			};
			name = Release;
		};
		9F78C46A16DD576E00605174 /* Debug */ = {
			isa = XCBuildConfiguration;
			buildSettings = {
				GCC_PRECOMPILE_PREFIX_HEADER = YES;
				GCC_PREFIX_HEADER = "AuthKit/AuthKit-Prefix.pch";
				INFOPLIST_FILE = "AuthKit/AuthKit-Info.plist";
				PRODUCT_NAME = "$(TARGET_NAME)";
				WRAPPER_EXTENSION = app;
			};
			name = Debug;
		};
		9F78C46B16DD576E00605174 /* Release */ = {
			isa = XCBuildConfiguration;
			buildSettings = {
				GCC_PRECOMPILE_PREFIX_HEADER = YES;
				GCC_PREFIX_HEADER = "AuthKit/AuthKit-Prefix.pch";
				INFOPLIST_FILE = "AuthKit/AuthKit-Info.plist";
				PRODUCT_NAME = "$(TARGET_NAME)";
				WRAPPER_EXTENSION = app;
			};
			name = Release;
		};
		9F78C46D16DD576E00605174 /* Debug */ = {
			isa = XCBuildConfiguration;
			buildSettings = {
				BUNDLE_LOADER = "$(BUILT_PRODUCTS_DIR)/AuthKit.app/AuthKit";
				FRAMEWORK_SEARCH_PATHS = (
					"\"$(SDKROOT)/Developer/Library/Frameworks\"",
					"\"$(DEVELOPER_LIBRARY_DIR)/Frameworks\"",
				);
				GCC_PRECOMPILE_PREFIX_HEADER = YES;
				GCC_PREFIX_HEADER = "AuthKit/AuthKit-Prefix.pch";
				INFOPLIST_FILE = "AuthKitTests/AuthKitTests-Info.plist";
				PRODUCT_NAME = "$(TARGET_NAME)";
				TEST_HOST = "$(BUNDLE_LOADER)";
				WRAPPER_EXTENSION = octest;
			};
			name = Debug;
		};
		9F78C46E16DD576E00605174 /* Release */ = {
			isa = XCBuildConfiguration;
			buildSettings = {
				BUNDLE_LOADER = "$(BUILT_PRODUCTS_DIR)/AuthKit.app/AuthKit";
				FRAMEWORK_SEARCH_PATHS = (
					"\"$(SDKROOT)/Developer/Library/Frameworks\"",
					"\"$(DEVELOPER_LIBRARY_DIR)/Frameworks\"",
				);
				GCC_PRECOMPILE_PREFIX_HEADER = YES;
				GCC_PREFIX_HEADER = "AuthKit/AuthKit-Prefix.pch";
				INFOPLIST_FILE = "AuthKitTests/AuthKitTests-Info.plist";
				PRODUCT_NAME = "$(TARGET_NAME)";
				TEST_HOST = "$(BUNDLE_LOADER)";
				WRAPPER_EXTENSION = octest;
			};
			name = Release;
		};
/* End XCBuildConfiguration section */

/* Begin XCConfigurationList section */
		9F78C42C16DD576E00605174 /* Build configuration list for PBXProject "AuthKit" */ = {
			isa = XCConfigurationList;
			buildConfigurations = (
				9F78C46716DD576E00605174 /* Debug */,
				9F78C46816DD576E00605174 /* Release */,
			);
			defaultConfigurationIsVisible = 0;
			defaultConfigurationName = Release;
		};
		9F78C46916DD576E00605174 /* Build configuration list for PBXNativeTarget "AuthKit" */ = {
			isa = XCConfigurationList;
			buildConfigurations = (
				9F78C46A16DD576E00605174 /* Debug */,
				9F78C46B16DD576E00605174 /* Release */,
			);
			defaultConfigurationIsVisible = 0;
		};
		9F78C46C16DD576E00605174 /* Build configuration list for PBXNativeTarget "AuthKitTests" */ = {
			isa = XCConfigurationList;
			buildConfigurations = (
				9F78C46D16DD576E00605174 /* Debug */,
				9F78C46E16DD576E00605174 /* Release */,
			);
			defaultConfigurationIsVisible = 0;
		};
/* End XCConfigurationList section */
	};
	rootObject = 9F78C42916DD576E00605174 /* Project object */;
}
