// !$*UTF8*$!
{
	archiveVersion = 1;
	classes = {
	};
	objectVersion = 46;
	objects = {

/* Begin PBXBuildFile section */
		8808726716FFC90A00D09848 /* UIKit.framework in Frameworks */ = {isa = PBXBuildFile; fileRef = 8808726616FFC90A00D09848 /* UIKit.framework */; };
		8808726916FFC90A00D09848 /* Foundation.framework in Frameworks */ = {isa = PBXBuildFile; fileRef = 8808726816FFC90A00D09848 /* Foundation.framework */; };
		8808726B16FFC90A00D09848 /* CoreGraphics.framework in Frameworks */ = {isa = PBXBuildFile; fileRef = 8808726A16FFC90A00D09848 /* CoreGraphics.framework */; };
		8808726D16FFC90A00D09848 /* CoreData.framework in Frameworks */ = {isa = PBXBuildFile; fileRef = 8808726C16FFC90A00D09848 /* CoreData.framework */; };
		8808729616FFC90A00D09848 /* SenTestingKit.framework in Frameworks */ = {isa = PBXBuildFile; fileRef = 8808729516FFC90A00D09848 /* SenTestingKit.framework */; };
		8808729716FFC90A00D09848 /* UIKit.framework in Frameworks */ = {isa = PBXBuildFile; fileRef = 8808726616FFC90A00D09848 /* UIKit.framework */; };
		8808729816FFC90A00D09848 /* Foundation.framework in Frameworks */ = {isa = PBXBuildFile; fileRef = 8808726816FFC90A00D09848 /* Foundation.framework */; };
		8808729916FFC90A00D09848 /* CoreData.framework in Frameworks */ = {isa = PBXBuildFile; fileRef = 8808726C16FFC90A00D09848 /* CoreData.framework */; };
		880872A416FFC90A00D09848 /* MultiAccountTypeExampleTests.m in Sources */ = {isa = PBXBuildFile; fileRef = 880872A316FFC90A00D09848 /* MultiAccountTypeExampleTests.m */; };
		880872B716FFCA1200D09848 /* MAAppDelegate.m in Sources */ = {isa = PBXBuildFile; fileRef = 880872B116FFCA1200D09848 /* MAAppDelegate.m */; };
		880872BE16FFCA8100D09848 /* MultiAccountTypeExample.xcdatamodeld in Sources */ = {isa = PBXBuildFile; fileRef = 880872BC16FFCA8100D09848 /* MultiAccountTypeExample.xcdatamodeld */; };
		880872C016FFCABC00D09848 /* main.m in Sources */ = {isa = PBXBuildFile; fileRef = 880872BF16FFCABC00D09848 /* main.m */; };
		880872C616FFCC6900D09848 /* InfoPlist.strings in Resources */ = {isa = PBXBuildFile; fileRef = 880872C316FFCC6900D09848 /* InfoPlist.strings */; };
		880872CE16FFCCD000D09848 /* Default-568h@2x.png in Resources */ = {isa = PBXBuildFile; fileRef = 880872CB16FFCCD000D09848 /* Default-568h@2x.png */; };
		880872CF16FFCCD000D09848 /* Default.png in Resources */ = {isa = PBXBuildFile; fileRef = 880872CC16FFCCD000D09848 /* Default.png */; };
		880872D016FFCCD000D09848 /* Default@2x.png in Resources */ = {isa = PBXBuildFile; fileRef = 880872CD16FFCCD000D09848 /* Default@2x.png */; };
		880872D416FFCCD700D09848 /* InfoPlist.strings in Resources */ = {isa = PBXBuildFile; fileRef = 880872D216FFCCD700D09848 /* InfoPlist.strings */; };
		880872DA16FFDCB900D09848 /* MAGoogleAuthController.m in Sources */ = {isa = PBXBuildFile; fileRef = 880872D916FFDCB900D09848 /* MAGoogleAuthController.m */; };
		880872DD16FFE05C00D09848 /* MAApplicationViewController.m in Sources */ = {isa = PBXBuildFile; fileRef = 880872DC16FFE05B00D09848 /* MAApplicationViewController.m */; };
		880872E016FFE0FC00D09848 /* MATourViewController.m in Sources */ = {isa = PBXBuildFile; fileRef = 880872DF16FFE0FB00D09848 /* MATourViewController.m */; };
		880872E8170121C800D09848 /* LIHTTPClient.m in Sources */ = {isa = PBXBuildFile; fileRef = 880872E7170121C800D09848 /* LIHTTPClient.m */; };
		880872EB1701242100D09848 /* LinkedIn.m in Sources */ = {isa = PBXBuildFile; fileRef = 880872EA1701242100D09848 /* LinkedIn.m */; };
		9E58DA3EB1E94EB2ACAA741D /* libPods.a in Frameworks */ = {isa = PBXBuildFile; fileRef = E88340C6DFEA4AB7A8B8D4F7 /* libPods.a */; };
		9F5649A61700D93A00AB8AC2 /* MALinkedInAuthController.m in Sources */ = {isa = PBXBuildFile; fileRef = 9F5649A51700D93A00AB8AC2 /* MALinkedInAuthController.m */; };
/* End PBXBuildFile section */

/* Begin PBXContainerItemProxy section */
		8808729A16FFC90A00D09848 /* PBXContainerItemProxy */ = {
			isa = PBXContainerItemProxy;
			containerPortal = 8808725B16FFC90A00D09848 /* Project object */;
			proxyType = 1;
			remoteGlobalIDString = 8808726216FFC90A00D09848;
			remoteInfo = MultiAccountTypeExample;
		};
/* End PBXContainerItemProxy section */

/* Begin PBXFileReference section */
		8808726316FFC90A00D09848 /* MultiAccountTypeExample.app */ = {isa = PBXFileReference; explicitFileType = wrapper.application; includeInIndex = 0; path = MultiAccountTypeExample.app; sourceTree = BUILT_PRODUCTS_DIR; };
		8808726616FFC90A00D09848 /* UIKit.framework */ = {isa = PBXFileReference; lastKnownFileType = wrapper.framework; name = UIKit.framework; path = System/Library/Frameworks/UIKit.framework; sourceTree = SDKROOT; };
		8808726816FFC90A00D09848 /* Foundation.framework */ = {isa = PBXFileReference; lastKnownFileType = wrapper.framework; name = Foundation.framework; path = System/Library/Frameworks/Foundation.framework; sourceTree = SDKROOT; };
		8808726A16FFC90A00D09848 /* CoreGraphics.framework */ = {isa = PBXFileReference; lastKnownFileType = wrapper.framework; name = CoreGraphics.framework; path = System/Library/Frameworks/CoreGraphics.framework; sourceTree = SDKROOT; };
		8808726C16FFC90A00D09848 /* CoreData.framework */ = {isa = PBXFileReference; lastKnownFileType = wrapper.framework; name = CoreData.framework; path = System/Library/Frameworks/CoreData.framework; sourceTree = SDKROOT; };
		8808729416FFC90A00D09848 /* MultiAccountTypeExampleTests.octest */ = {isa = PBXFileReference; explicitFileType = wrapper.cfbundle; includeInIndex = 0; path = MultiAccountTypeExampleTests.octest; sourceTree = BUILT_PRODUCTS_DIR; };
		8808729516FFC90A00D09848 /* SenTestingKit.framework */ = {isa = PBXFileReference; lastKnownFileType = wrapper.framework; name = SenTestingKit.framework; path = Library/Frameworks/SenTestingKit.framework; sourceTree = DEVELOPER_DIR; };
		880872A216FFC90A00D09848 /* MultiAccountTypeExampleTests.h */ = {isa = PBXFileReference; lastKnownFileType = sourcecode.c.h; path = MultiAccountTypeExampleTests.h; sourceTree = "<group>"; };
		880872A316FFC90A00D09848 /* MultiAccountTypeExampleTests.m */ = {isa = PBXFileReference; lastKnownFileType = sourcecode.c.objc; path = MultiAccountTypeExampleTests.m; sourceTree = "<group>"; };
		880872B016FFCA1200D09848 /* MAAppDelegate.h */ = {isa = PBXFileReference; fileEncoding = 4; lastKnownFileType = sourcecode.c.h; path = MAAppDelegate.h; sourceTree = "<group>"; };
		880872B116FFCA1200D09848 /* MAAppDelegate.m */ = {isa = PBXFileReference; fileEncoding = 4; lastKnownFileType = sourcecode.c.objc; path = MAAppDelegate.m; sourceTree = "<group>"; };
		880872BD16FFCA8100D09848 /* MultiAccountTypeExample.xcdatamodel */ = {isa = PBXFileReference; lastKnownFileType = wrapper.xcdatamodel; path = MultiAccountTypeExample.xcdatamodel; sourceTree = "<group>"; };
		880872BF16FFCABC00D09848 /* main.m */ = {isa = PBXFileReference; fileEncoding = 4; lastKnownFileType = sourcecode.c.objc; path = main.m; sourceTree = "<group>"; };
		880872C116FFCB4E00D09848 /* MultiAccountTypeExample-Prefix.pch */ = {isa = PBXFileReference; fileEncoding = 4; lastKnownFileType = sourcecode.c.h; path = "MultiAccountTypeExample-Prefix.pch"; sourceTree = "<group>"; };
		880872C416FFCC6900D09848 /* en */ = {isa = PBXFileReference; lastKnownFileType = text.plist.strings; name = en; path = InfoPlist.strings; sourceTree = "<group>"; };
		880872C516FFCC6900D09848 /* MultiAccountTypeExampleTests-Info.plist */ = {isa = PBXFileReference; fileEncoding = 4; lastKnownFileType = text.plist.xml; path = "MultiAccountTypeExampleTests-Info.plist"; sourceTree = "<group>"; };
		880872C816FFCC7A00D09848 /* MultiAccountTypeExample-Info.plist */ = {isa = PBXFileReference; fileEncoding = 4; lastKnownFileType = text.plist.xml; path = "MultiAccountTypeExample-Info.plist"; sourceTree = "<group>"; };
		880872CB16FFCCD000D09848 /* Default-568h@2x.png */ = {isa = PBXFileReference; lastKnownFileType = image.png; path = "Default-568h@2x.png"; sourceTree = "<group>"; };
		880872CC16FFCCD000D09848 /* Default.png */ = {isa = PBXFileReference; lastKnownFileType = image.png; path = Default.png; sourceTree = "<group>"; };
		880872CD16FFCCD000D09848 /* Default@2x.png */ = {isa = PBXFileReference; lastKnownFileType = image.png; path = "Default@2x.png"; sourceTree = "<group>"; };
		880872D316FFCCD700D09848 /* en */ = {isa = PBXFileReference; lastKnownFileType = text.plist.strings; name = en; path = en.lproj/InfoPlist.strings; sourceTree = "<group>"; };
		880872D816FFDCB900D09848 /* MAGoogleAuthController.h */ = {isa = PBXFileReference; fileEncoding = 4; lastKnownFileType = sourcecode.c.h; path = MAGoogleAuthController.h; sourceTree = "<group>"; };
		880872D916FFDCB900D09848 /* MAGoogleAuthController.m */ = {isa = PBXFileReference; fileEncoding = 4; lastKnownFileType = sourcecode.c.objc; path = MAGoogleAuthController.m; sourceTree = "<group>"; };
		880872DB16FFE05B00D09848 /* MAApplicationViewController.h */ = {isa = PBXFileReference; fileEncoding = 4; lastKnownFileType = sourcecode.c.h; path = MAApplicationViewController.h; sourceTree = "<group>"; };
		880872DC16FFE05B00D09848 /* MAApplicationViewController.m */ = {isa = PBXFileReference; fileEncoding = 4; lastKnownFileType = sourcecode.c.objc; path = MAApplicationViewController.m; sourceTree = "<group>"; };
		880872DE16FFE0FB00D09848 /* MATourViewController.h */ = {isa = PBXFileReference; fileEncoding = 4; lastKnownFileType = sourcecode.c.h; path = MATourViewController.h; sourceTree = "<group>"; };
		880872DF16FFE0FB00D09848 /* MATourViewController.m */ = {isa = PBXFileReference; fileEncoding = 4; lastKnownFileType = sourcecode.c.objc; path = MATourViewController.m; sourceTree = "<group>"; };
		880872E6170121C800D09848 /* LIHTTPClient.h */ = {isa = PBXFileReference; fileEncoding = 4; lastKnownFileType = sourcecode.c.h; path = LIHTTPClient.h; sourceTree = "<group>"; };
		880872E7170121C800D09848 /* LIHTTPClient.m */ = {isa = PBXFileReference; fileEncoding = 4; lastKnownFileType = sourcecode.c.objc; path = LIHTTPClient.m; sourceTree = "<group>"; };
		880872E91701242100D09848 /* LinkedIn.h */ = {isa = PBXFileReference; fileEncoding = 4; lastKnownFileType = sourcecode.c.h; path = LinkedIn.h; sourceTree = "<group>"; };
		880872EA1701242100D09848 /* LinkedIn.m */ = {isa = PBXFileReference; fileEncoding = 4; lastKnownFileType = sourcecode.c.objc; path = LinkedIn.m; sourceTree = "<group>"; };
		8CD359962D5F451C94C6C5A2 /* Pods.xcconfig */ = {isa = PBXFileReference; includeInIndex = 1; lastKnownFileType = text.xcconfig; name = Pods.xcconfig; path = Pods/Pods.xcconfig; sourceTree = SOURCE_ROOT; };
		9F5649A41700D93A00AB8AC2 /* MALinkedInAuthController.h */ = {isa = PBXFileReference; fileEncoding = 4; lastKnownFileType = sourcecode.c.h; path = MALinkedInAuthController.h; sourceTree = "<group>"; };
		9F5649A51700D93A00AB8AC2 /* MALinkedInAuthController.m */ = {isa = PBXFileReference; fileEncoding = 4; lastKnownFileType = sourcecode.c.objc; path = MALinkedInAuthController.m; sourceTree = "<group>"; };
		E88340C6DFEA4AB7A8B8D4F7 /* libPods.a */ = {isa = PBXFileReference; explicitFileType = archive.ar; includeInIndex = 0; path = libPods.a; sourceTree = BUILT_PRODUCTS_DIR; };
/* End PBXFileReference section */

/* Begin PBXFrameworksBuildPhase section */
		8808726016FFC90A00D09848 /* Frameworks */ = {
			isa = PBXFrameworksBuildPhase;
			buildActionMask = 2147483647;
			files = (
				8808726716FFC90A00D09848 /* UIKit.framework in Frameworks */,
				8808726916FFC90A00D09848 /* Foundation.framework in Frameworks */,
				8808726B16FFC90A00D09848 /* CoreGraphics.framework in Frameworks */,
				8808726D16FFC90A00D09848 /* CoreData.framework in Frameworks */,
				9E58DA3EB1E94EB2ACAA741D /* libPods.a in Frameworks */,
			);
			runOnlyForDeploymentPostprocessing = 0;
		};
		8808729016FFC90A00D09848 /* Frameworks */ = {
			isa = PBXFrameworksBuildPhase;
			buildActionMask = 2147483647;
			files = (
				8808729616FFC90A00D09848 /* SenTestingKit.framework in Frameworks */,
				8808729716FFC90A00D09848 /* UIKit.framework in Frameworks */,
				8808729816FFC90A00D09848 /* Foundation.framework in Frameworks */,
				8808729916FFC90A00D09848 /* CoreData.framework in Frameworks */,
			);
			runOnlyForDeploymentPostprocessing = 0;
		};
/* End PBXFrameworksBuildPhase section */

/* Begin PBXGroup section */
		8808725A16FFC90A00D09848 = {
			isa = PBXGroup;
			children = (
				8808726E16FFC90A00D09848 /* MultiAccountTypeExample */,
				8808729C16FFC90A00D09848 /* MultiAccountTypeExampleTests */,
				8808726516FFC90A00D09848 /* Frameworks */,
				8808726416FFC90A00D09848 /* Products */,
				8CD359962D5F451C94C6C5A2 /* Pods.xcconfig */,
			);
			sourceTree = "<group>";
		};
		8808726416FFC90A00D09848 /* Products */ = {
			isa = PBXGroup;
			children = (
				8808726316FFC90A00D09848 /* MultiAccountTypeExample.app */,
				8808729416FFC90A00D09848 /* MultiAccountTypeExampleTests.octest */,
			);
			name = Products;
			sourceTree = "<group>";
		};
		8808726516FFC90A00D09848 /* Frameworks */ = {
			isa = PBXGroup;
			children = (
				8808726616FFC90A00D09848 /* UIKit.framework */,
				8808726816FFC90A00D09848 /* Foundation.framework */,
				8808726A16FFC90A00D09848 /* CoreGraphics.framework */,
				8808726C16FFC90A00D09848 /* CoreData.framework */,
				8808729516FFC90A00D09848 /* SenTestingKit.framework */,
				E88340C6DFEA4AB7A8B8D4F7 /* libPods.a */,
			);
			name = Frameworks;
			sourceTree = "<group>";
		};
		8808726E16FFC90A00D09848 /* MultiAccountTypeExample */ = {
			isa = PBXGroup;
			children = (
				880872AD16FFCA1200D09848 /* Source */,
				880872BA16FFCA8100D09848 /* Resources */,
				880872C816FFCC7A00D09848 /* MultiAccountTypeExample-Info.plist */,
			);
			path = MultiAccountTypeExample;
			sourceTree = "<group>";
		};
		8808729C16FFC90A00D09848 /* MultiAccountTypeExampleTests */ = {
			isa = PBXGroup;
			children = (
				880872C216FFCC6900D09848 /* en.lproj */,
				880872C516FFCC6900D09848 /* MultiAccountTypeExampleTests-Info.plist */,
				880872A216FFC90A00D09848 /* MultiAccountTypeExampleTests.h */,
				880872A316FFC90A00D09848 /* MultiAccountTypeExampleTests.m */,
			);
			path = MultiAccountTypeExampleTests;
			sourceTree = "<group>";
		};
		880872AD16FFCA1200D09848 /* Source */ = {
			isa = PBXGroup;
			children = (
				880872AE16FFCA1200D09848 /* Classes */,
				880872C116FFCB4E00D09848 /* MultiAccountTypeExample-Prefix.pch */,
				880872BF16FFCABC00D09848 /* main.m */,
			);
			path = Source;
			sourceTree = "<group>";
		};
		880872AE16FFCA1200D09848 /* Classes */ = {
			isa = PBXGroup;
			children = (
				880872E5170121A300D09848 /* Communication */,
				880872AF16FFCA1200D09848 /* Auth */,
				880872B216FFCA1200D09848 /* UI */,
				880872B016FFCA1200D09848 /* MAAppDelegate.h */,
				880872B116FFCA1200D09848 /* MAAppDelegate.m */,
			);
			path = Classes;
			sourceTree = "<group>";
		};
		880872AF16FFCA1200D09848 /* Auth */ = {
			isa = PBXGroup;
			children = (
				880872D816FFDCB900D09848 /* MAGoogleAuthController.h */,
				880872D916FFDCB900D09848 /* MAGoogleAuthController.m */,
				9F5649A41700D93A00AB8AC2 /* MALinkedInAuthController.h */,
				9F5649A51700D93A00AB8AC2 /* MALinkedInAuthController.m */,
			);
			path = Auth;
			sourceTree = "<group>";
		};
		880872B216FFCA1200D09848 /* UI */ = {
			isa = PBXGroup;
			children = (
				880872DB16FFE05B00D09848 /* MAApplicationViewController.h */,
				880872DC16FFE05B00D09848 /* MAApplicationViewController.m */,
				880872DE16FFE0FB00D09848 /* MATourViewController.h */,
				880872DF16FFE0FB00D09848 /* MATourViewController.m */,
			);
			path = UI;
			sourceTree = "<group>";
		};
		880872BA16FFCA8100D09848 /* Resources */ = {
			isa = PBXGroup;
			children = (
				880872BB16FFCA8100D09848 /* Model */,
				880872D116FFCCD700D09848 /* UI */,
				880872CA16FFCCD000D09848 /* Images */,
			);
			path = Resources;
			sourceTree = "<group>";
		};
		880872BB16FFCA8100D09848 /* Model */ = {
			isa = PBXGroup;
			children = (
				880872BC16FFCA8100D09848 /* MultiAccountTypeExample.xcdatamodeld */,
			);
			path = Model;
			sourceTree = "<group>";
		};
		880872C216FFCC6900D09848 /* en.lproj */ = {
			isa = PBXGroup;
			children = (
				880872C316FFCC6900D09848 /* InfoPlist.strings */,
			);
			path = en.lproj;
			sourceTree = "<group>";
		};
		880872CA16FFCCD000D09848 /* Images */ = {
			isa = PBXGroup;
			children = (
				880872CB16FFCCD000D09848 /* Default-568h@2x.png */,
				880872CC16FFCCD000D09848 /* Default.png */,
				880872CD16FFCCD000D09848 /* Default@2x.png */,
			);
			path = Images;
			sourceTree = "<group>";
		};
		880872D116FFCCD700D09848 /* UI */ = {
			isa = PBXGroup;
			children = (
				880872D216FFCCD700D09848 /* InfoPlist.strings */,
			);
			path = UI;
			sourceTree = "<group>";
		};
		880872E5170121A300D09848 /* Communication */ = {
			isa = PBXGroup;
			children = (
				880872E6170121C800D09848 /* LIHTTPClient.h */,
				880872E7170121C800D09848 /* LIHTTPClient.m */,
				880872E91701242100D09848 /* LinkedIn.h */,
				880872EA1701242100D09848 /* LinkedIn.m */,
			);
			path = Communication;
			sourceTree = "<group>";
		};
/* End PBXGroup section */

/* Begin PBXNativeTarget section */
		8808726216FFC90A00D09848 /* MultiAccountTypeExample */ = {
			isa = PBXNativeTarget;
			buildConfigurationList = 880872A716FFC90B00D09848 /* Build configuration list for PBXNativeTarget "MultiAccountTypeExample" */;
			buildPhases = (
				8808725F16FFC90A00D09848 /* Sources */,
				8808726016FFC90A00D09848 /* Frameworks */,
				8808726116FFC90A00D09848 /* Resources */,
				38C8357266BB451E85E7654B /* Copy Pods Resources */,
			);
			buildRules = (
			);
			dependencies = (
			);
			name = MultiAccountTypeExample;
			productName = MultiAccountTypeExample;
			productReference = 8808726316FFC90A00D09848 /* MultiAccountTypeExample.app */;
			productType = "com.apple.product-type.application";
		};
		8808729316FFC90A00D09848 /* MultiAccountTypeExampleTests */ = {
			isa = PBXNativeTarget;
			buildConfigurationList = 880872AA16FFC90B00D09848 /* Build configuration list for PBXNativeTarget "MultiAccountTypeExampleTests" */;
			buildPhases = (
				8808728F16FFC90A00D09848 /* Sources */,
				8808729016FFC90A00D09848 /* Frameworks */,
				8808729116FFC90A00D09848 /* Resources */,
				8808729216FFC90A00D09848 /* ShellScript */,
			);
			buildRules = (
			);
			dependencies = (
				8808729B16FFC90A00D09848 /* PBXTargetDependency */,
			);
			name = MultiAccountTypeExampleTests;
			productName = MultiAccountTypeExampleTests;
			productReference = 8808729416FFC90A00D09848 /* MultiAccountTypeExampleTests.octest */;
			productType = "com.apple.product-type.bundle";
		};
/* End PBXNativeTarget section */

/* Begin PBXProject section */
		8808725B16FFC90A00D09848 /* Project object */ = {
			isa = PBXProject;
			attributes = {
				CLASSPREFIX = MA;
				LastUpgradeCheck = 0460;
				ORGANIZATIONNAME = RCach;
			};
			buildConfigurationList = 8808725E16FFC90A00D09848 /* Build configuration list for PBXProject "MultiAccountTypeExample" */;
			compatibilityVersion = "Xcode 3.2";
			developmentRegion = English;
			hasScannedForEncodings = 0;
			knownRegions = (
				en,
			);
			mainGroup = 8808725A16FFC90A00D09848;
			productRefGroup = 8808726416FFC90A00D09848 /* Products */;
			projectDirPath = "";
			projectRoot = "";
			targets = (
				8808726216FFC90A00D09848 /* MultiAccountTypeExample */,
				8808729316FFC90A00D09848 /* MultiAccountTypeExampleTests */,
			);
		};
/* End PBXProject section */

/* Begin PBXResourcesBuildPhase section */
		8808726116FFC90A00D09848 /* Resources */ = {
			isa = PBXResourcesBuildPhase;
			buildActionMask = 2147483647;
			files = (
				880872CE16FFCCD000D09848 /* Default-568h@2x.png in Resources */,
				880872CF16FFCCD000D09848 /* Default.png in Resources */,
				880872D016FFCCD000D09848 /* Default@2x.png in Resources */,
				880872D416FFCCD700D09848 /* InfoPlist.strings in Resources */,
			);
			runOnlyForDeploymentPostprocessing = 0;
		};
		8808729116FFC90A00D09848 /* Resources */ = {
			isa = PBXResourcesBuildPhase;
			buildActionMask = 2147483647;
			files = (
				880872C616FFCC6900D09848 /* InfoPlist.strings in Resources */,
			);
			runOnlyForDeploymentPostprocessing = 0;
		};
/* End PBXResourcesBuildPhase section */

/* Begin PBXShellScriptBuildPhase section */
		38C8357266BB451E85E7654B /* Copy Pods Resources */ = {
			isa = PBXShellScriptBuildPhase;
			buildActionMask = 2147483647;
			files = (
			);
			inputPaths = (
			);
			name = "Copy Pods Resources";
			outputPaths = (
			);
			runOnlyForDeploymentPostprocessing = 0;
			shellPath = /bin/sh;
			shellScript = "\"${SRCROOT}/Pods/Pods-resources.sh\"\n";
		};
		8808729216FFC90A00D09848 /* ShellScript */ = {
			isa = PBXShellScriptBuildPhase;
			buildActionMask = 2147483647;
			files = (
			);
			inputPaths = (
			);
			outputPaths = (
			);
			runOnlyForDeploymentPostprocessing = 0;
			shellPath = /bin/sh;
			shellScript = "# Run the unit tests in this test bundle.\n\"${SYSTEM_DEVELOPER_DIR}/Tools/RunUnitTests\"\n";
		};
/* End PBXShellScriptBuildPhase section */

/* Begin PBXSourcesBuildPhase section */
		8808725F16FFC90A00D09848 /* Sources */ = {
			isa = PBXSourcesBuildPhase;
			buildActionMask = 2147483647;
			files = (
				880872B716FFCA1200D09848 /* MAAppDelegate.m in Sources */,
				880872BE16FFCA8100D09848 /* MultiAccountTypeExample.xcdatamodeld in Sources */,
				880872C016FFCABC00D09848 /* main.m in Sources */,
				880872DA16FFDCB900D09848 /* MAGoogleAuthController.m in Sources */,
				880872DD16FFE05C00D09848 /* MAApplicationViewController.m in Sources */,
				880872E016FFE0FC00D09848 /* MATourViewController.m in Sources */,
				9F5649A61700D93A00AB8AC2 /* MALinkedInAuthController.m in Sources */,
				880872E8170121C800D09848 /* LIHTTPClient.m in Sources */,
				880872EB1701242100D09848 /* LinkedIn.m in Sources */,
			);
			runOnlyForDeploymentPostprocessing = 0;
		};
		8808728F16FFC90A00D09848 /* Sources */ = {
			isa = PBXSourcesBuildPhase;
			buildActionMask = 2147483647;
			files = (
				880872A416FFC90A00D09848 /* MultiAccountTypeExampleTests.m in Sources */,
			);
			runOnlyForDeploymentPostprocessing = 0;
		};
/* End PBXSourcesBuildPhase section */

/* Begin PBXTargetDependency section */
		8808729B16FFC90A00D09848 /* PBXTargetDependency */ = {
			isa = PBXTargetDependency;
			target = 8808726216FFC90A00D09848 /* MultiAccountTypeExample */;
			targetProxy = 8808729A16FFC90A00D09848 /* PBXContainerItemProxy */;
		};
/* End PBXTargetDependency section */

/* Begin PBXVariantGroup section */
		880872C316FFCC6900D09848 /* InfoPlist.strings */ = {
			isa = PBXVariantGroup;
			children = (
				880872C416FFCC6900D09848 /* en */,
			);
			name = InfoPlist.strings;
			sourceTree = "<group>";
		};
		880872D216FFCCD700D09848 /* InfoPlist.strings */ = {
			isa = PBXVariantGroup;
			children = (
				880872D316FFCCD700D09848 /* en */,
			);
			name = InfoPlist.strings;
			sourceTree = "<group>";
		};
/* End PBXVariantGroup section */

/* Begin XCBuildConfiguration section */
		880872A516FFC90B00D09848 /* Debug */ = {
			isa = XCBuildConfiguration;
			buildSettings = {
				ALWAYS_SEARCH_USER_PATHS = NO;
				CLANG_CXX_LANGUAGE_STANDARD = "gnu++0x";
				CLANG_CXX_LIBRARY = "libc++";
				CLANG_ENABLE_OBJC_ARC = YES;
				CLANG_WARN_CONSTANT_CONVERSION = YES;
				CLANG_WARN_EMPTY_BODY = YES;
				CLANG_WARN_ENUM_CONVERSION = YES;
				CLANG_WARN_INT_CONVERSION = YES;
				CLANG_WARN__DUPLICATE_METHOD_MATCH = YES;
				"CODE_SIGN_IDENTITY[sdk=iphoneos*]" = "iPhone Developer";
				COPY_PHASE_STRIP = NO;
				GCC_C_LANGUAGE_STANDARD = gnu99;
				GCC_DYNAMIC_NO_PIC = NO;
				GCC_OPTIMIZATION_LEVEL = 0;
				GCC_PREPROCESSOR_DEFINITIONS = (
					"DEBUG=1",
					"$(inherited)",
				);
				GCC_SYMBOLS_PRIVATE_EXTERN = NO;
				GCC_WARN_ABOUT_RETURN_TYPE = YES;
				GCC_WARN_UNINITIALIZED_AUTOS = YES;
				GCC_WARN_UNUSED_VARIABLE = YES;
				IPHONEOS_DEPLOYMENT_TARGET = 6.1;
				ONLY_ACTIVE_ARCH = YES;
				SDKROOT = iphoneos;
			};
			name = Debug;
		};
		880872A616FFC90B00D09848 /* Release */ = {
			isa = XCBuildConfiguration;
			buildSettings = {
				ALWAYS_SEARCH_USER_PATHS = NO;
				CLANG_CXX_LANGUAGE_STANDARD = "gnu++0x";
				CLANG_CXX_LIBRARY = "libc++";
				CLANG_ENABLE_OBJC_ARC = YES;
				CLANG_WARN_CONSTANT_CONVERSION = YES;
				CLANG_WARN_EMPTY_BODY = YES;
				CLANG_WARN_ENUM_CONVERSION = YES;
				CLANG_WARN_INT_CONVERSION = YES;
				CLANG_WARN__DUPLICATE_METHOD_MATCH = YES;
				"CODE_SIGN_IDENTITY[sdk=iphoneos*]" = "iPhone Developer";
				COPY_PHASE_STRIP = YES;
				GCC_C_LANGUAGE_STANDARD = gnu99;
				GCC_WARN_ABOUT_RETURN_TYPE = YES;
				GCC_WARN_UNINITIALIZED_AUTOS = YES;
				GCC_WARN_UNUSED_VARIABLE = YES;
				IPHONEOS_DEPLOYMENT_TARGET = 6.1;
				OTHER_CFLAGS = "-DNS_BLOCK_ASSERTIONS=1";
				SDKROOT = iphoneos;
				VALIDATE_PRODUCT = YES;
			};
			name = Release;
		};
		880872A816FFC90B00D09848 /* Debug */ = {
			isa = XCBuildConfiguration;
			baseConfigurationReference = 8CD359962D5F451C94C6C5A2 /* Pods.xcconfig */;
			buildSettings = {
				GCC_PRECOMPILE_PREFIX_HEADER = YES;
				GCC_PREFIX_HEADER = "MultiAccountTypeExample/Source/MultiAccountTypeExample-Prefix.pch";
				INFOPLIST_FILE = "MultiAccountTypeExample/MultiAccountTypeExample-Info.plist";
				PRODUCT_NAME = "$(TARGET_NAME)";
				WRAPPER_EXTENSION = app;
			};
			name = Debug;
		};
		880872A916FFC90B00D09848 /* Release */ = {
			isa = XCBuildConfiguration;
			baseConfigurationReference = 8CD359962D5F451C94C6C5A2 /* Pods.xcconfig */;
			buildSettings = {
				GCC_PRECOMPILE_PREFIX_HEADER = YES;
				GCC_PREFIX_HEADER = "MultiAccountTypeExample/Source/MultiAccountTypeExample-Prefix.pch";
				INFOPLIST_FILE = "MultiAccountTypeExample/MultiAccountTypeExample-Info.plist";
				PRODUCT_NAME = "$(TARGET_NAME)";
				WRAPPER_EXTENSION = app;
			};
			name = Release;
		};
		880872AB16FFC90B00D09848 /* Debug */ = {
			isa = XCBuildConfiguration;
			buildSettings = {
				BUNDLE_LOADER = "$(BUILT_PRODUCTS_DIR)/MultiAccountTypeExample.app/MultiAccountTypeExample";
				FRAMEWORK_SEARCH_PATHS = (
					"\"$(SDKROOT)/Developer/Library/Frameworks\"",
					"\"$(DEVELOPER_LIBRARY_DIR)/Frameworks\"",
				);
				GCC_PRECOMPILE_PREFIX_HEADER = YES;
				GCC_PREFIX_HEADER = "MultiAccountTypeExample/Source/MultiAccountTypeExample-Prefix.pch";
				INFOPLIST_FILE = "MultiAccountTypeExampleTests/MultiAccountTypeExampleTests-Info.plist";
				PRODUCT_NAME = "$(TARGET_NAME)";
				TEST_HOST = "$(BUNDLE_LOADER)";
				WRAPPER_EXTENSION = octest;
			};
			name = Debug;
		};
		880872AC16FFC90B00D09848 /* Release */ = {
			isa = XCBuildConfiguration;
			buildSettings = {
				BUNDLE_LOADER = "$(BUILT_PRODUCTS_DIR)/MultiAccountTypeExample.app/MultiAccountTypeExample";
				FRAMEWORK_SEARCH_PATHS = (
					"\"$(SDKROOT)/Developer/Library/Frameworks\"",
					"\"$(DEVELOPER_LIBRARY_DIR)/Frameworks\"",
				);
				GCC_PRECOMPILE_PREFIX_HEADER = YES;
				GCC_PREFIX_HEADER = "MultiAccountTypeExample/Source/MultiAccountTypeExample-Prefix.pch";
				INFOPLIST_FILE = "MultiAccountTypeExampleTests/MultiAccountTypeExampleTests-Info.plist";
				PRODUCT_NAME = "$(TARGET_NAME)";
				TEST_HOST = "$(BUNDLE_LOADER)";
				WRAPPER_EXTENSION = octest;
			};
			name = Release;
		};
/* End XCBuildConfiguration section */

/* Begin XCConfigurationList section */
		8808725E16FFC90A00D09848 /* Build configuration list for PBXProject "MultiAccountTypeExample" */ = {
			isa = XCConfigurationList;
			buildConfigurations = (
				880872A516FFC90B00D09848 /* Debug */,
				880872A616FFC90B00D09848 /* Release */,
			);
			defaultConfigurationIsVisible = 0;
			defaultConfigurationName = Release;
		};
		880872A716FFC90B00D09848 /* Build configuration list for PBXNativeTarget "MultiAccountTypeExample" */ = {
			isa = XCConfigurationList;
			buildConfigurations = (
				880872A816FFC90B00D09848 /* Debug */,
				880872A916FFC90B00D09848 /* Release */,
			);
			defaultConfigurationIsVisible = 0;
			defaultConfigurationName = Release;
		};
		880872AA16FFC90B00D09848 /* Build configuration list for PBXNativeTarget "MultiAccountTypeExampleTests" */ = {
			isa = XCConfigurationList;
			buildConfigurations = (
				880872AB16FFC90B00D09848 /* Debug */,
				880872AC16FFC90B00D09848 /* Release */,
			);
			defaultConfigurationIsVisible = 0;
			defaultConfigurationName = Release;
		};
/* End XCConfigurationList section */

/* Begin XCVersionGroup section */
		880872BC16FFCA8100D09848 /* MultiAccountTypeExample.xcdatamodeld */ = {
			isa = XCVersionGroup;
			children = (
				880872BD16FFCA8100D09848 /* MultiAccountTypeExample.xcdatamodel */,
			);
			currentVersion = 880872BD16FFCA8100D09848 /* MultiAccountTypeExample.xcdatamodel */;
			path = MultiAccountTypeExample.xcdatamodeld;
			sourceTree = "<group>";
			versionGroupType = wrapper.xcdatamodel;
		};
/* End XCVersionGroup section */
	};
	rootObject = 8808725B16FFC90A00D09848 /* Project object */;
}
